
Microsoft Visual Studio Solution File, Format Version 12.00
# Visual Studio Version 17
VisualStudioVersion = 17.11.35312.102
MinimumVisualStudioVersion = 10.0.40219.1
Project("{FAE04EC0-301F-11D3-BF4B-00C04F79EFBC}") = "CarBook", "CarBook\CarBook.csproj", "{03428BA5-AAA4-4355-973F-E37B8D7EB75B}"
EndProject
Global
	GlobalSection(SolutionConfigurationPlatforms) = preSolution
		Debug|Any CPU = Debug|Any CPU
		Release|Any CPU = Release|Any CPU
	EndGlobalSection
	GlobalSection(ProjectConfigurationPlatforms) = postSolution
		{03428BA5-AAA4-4355-973F-E37B8D7EB75B}.Debug|Any CPU.ActiveCfg = Debug|Any CPU
		{03428BA5-AAA4-4355-973F-E37B8D7EB75B}.Debug|Any CPU.Build.0 = Debug|Any CPU
		{03428BA5-AAA4-4355-973F-E37B8D7EB75B}.Release|Any CPU.ActiveCfg = Release|Any CPU
		{03428BA5-AAA4-4355-973F-E37B8D7EB75B}.Release|Any CPU.Build.0 = Release|Any CPU
	EndGlobalSection
	GlobalSection(SolutionProperties) = preSolution
		HideSolutionNode = FALSE
	EndGlobalSection
	GlobalSection(ExtensibilityGlobals) = postSolution
		SolutionGuid = {4351584E-E721-4ED4-A73C-5B1A31BBB458}
	EndGlobalSection
EndGlobal
